
Microsoft Visual Studio Solution File, Format Version 12.00
# Visual Studio Version 16
VisualStudioVersion = 16.0.30621.155
MinimumVisualStudioVersion = 10.0.40219.1
Project("{FAE04EC0-301F-11D3-BF4B-00C04F79EFBC}") = "IniParser", "IniParser.csproj", "{B78BD973-FB89-4DA2-B8DE-D39E0C200427}"
EndProject
Global
	GlobalSection(SolutionConfigurationPlatforms) = preSolution
		Debug|Any CPU = Debug|Any CPU
		Release|Any CPU = Release|Any CPU
	EndGlobalSection
	GlobalSection(ProjectConfigurationPlatforms) = postSolution
		{B78BD973-FB89-4DA2-B8DE-D39E0C200427}.Debug|Any CPU.ActiveCfg = Debug|Any CPU
		{B78BD973-FB89-4DA2-B8DE-D39E0C200427}.Debug|Any CPU.Build.0 = Debug|Any CPU
		{B78BD973-FB89-4DA2-B8DE-D39E0C200427}.Release|Any CPU.ActiveCfg = Release|Any CPU
		{B78BD973-FB89-4DA2-B8DE-D39E0C200427}.Release|Any CPU.Build.0 = Release|Any CPU
	EndGlobalSection
	GlobalSection(SolutionProperties) = preSolution
		HideSolutionNode = FALSE
	EndGlobalSection
	GlobalSection(ExtensibilityGlobals) = postSolution
		SolutionGuid = {54BD8996-1BFB-44BE-A17E-806DC3BD6AD8}
	EndGlobalSection
EndGlobal
